
Microsoft Visual Studio Solution File, Format Version 12.00
# Visual Studio Version 16
VisualStudioVersion = 16.0.30907.101
MinimumVisualStudioVersion = 10.0.40219.1
Project("{FAE04EC0-301F-11D3-BF4B-00C04F79EFBC}") = "BankTr", "BankTr.csproj", "{7DDF01B5-CDEB-44AE-9D54-84618DA17331}"
EndProject
Global
	GlobalSection(SolutionConfigurationPlatforms) = preSolution
		Debug|Any CPU = Debug|Any CPU
		Release|Any CPU = Release|Any CPU
	EndGlobalSection
	GlobalSection(ProjectConfigurationPlatforms) = postSolution
		{7DDF01B5-CDEB-44AE-9D54-84618DA17331}.Debug|Any CPU.ActiveCfg = Debug|Any CPU
		{7DDF01B5-CDEB-44AE-9D54-84618DA17331}.Debug|Any CPU.Build.0 = Debug|Any CPU
		{7DDF01B5-CDEB-44AE-9D54-84618DA17331}.Release|Any CPU.ActiveCfg = Release|Any CPU
		{7DDF01B5-CDEB-44AE-9D54-84618DA17331}.Release|Any CPU.Build.0 = Release|Any CPU
	EndGlobalSection
	GlobalSection(SolutionProperties) = preSolution
		HideSolutionNode = FALSE
	EndGlobalSection
	GlobalSection(ExtensibilityGlobals) = postSolution
		SolutionGuid = {2B902DB0-7FC1-4BD3-99A4-DA9FBA08A514}
	EndGlobalSection
EndGlobal
